
Microsoft Visual Studio Solution File, Format Version 11.00
# Visual Studio 2010
Project("{FAE04EC0-301F-11D3-BF4B-00C04F79EFBC}") = "Khrussk.Sockets", "Khrussk.Sockets\Khrussk.Sockets.csproj", "{6F414985-50E4-4486-9C73-E8DBB3400C7F}"
EndProject
Project("{FAE04EC0-301F-11D3-BF4B-00C04F79EFBC}") = "Khrussk.Peers", "Khrussk.Peers\Khrussk.Peers.csproj", "{649954E0-F1AC-4FB7-B848-6CA4BFE41BA1}"
EndProject
Project("{FAE04EC0-301F-11D3-BF4B-00C04F79EFBC}") = "Khrussk.Interfaces", "Khrussk.Interfaces\Khrussk.Interfaces.csproj", "{671047B6-1484-4736-B618-B02BA6D45C27}"
EndProject
Project("{FAE04EC0-301F-11D3-BF4B-00C04F79EFBC}") = "Khrussk.NetworkRealm", "Khrussk.NetworkRealm\Khrussk.NetworkRealm.csproj", "{6346BE1D-950C-4ED1-A303-01071F146D22}"
EndProject
Project("{FAE04EC0-301F-11D3-BF4B-00C04F79EFBC}") = "Khrussk.Silverlight", "Khrussk.Silverlight\Khrussk.Silverlight.csproj", "{15A8B442-B68A-4C70-9375-ED1A6E53DC5F}"
EndProject
Project("{2150E333-8FDC-42A3-9474-1A3956D46DE8}") = "Silverlight", "Silverlight", "{0E15BFE4-3244-4A49-8FE6-487D4FADD272}"
EndProject
Project("{2150E333-8FDC-42A3-9474-1A3956D46DE8}") = "Solution Items", "Solution Items", "{2D0AF73A-9792-47C9-BD81-F9F5FB6E2D2B}"
	ProjectSection(SolutionItems) = preProject
		Khrussk.vsmdi = Khrussk.vsmdi
		Local.testsettings = Local.testsettings
		TraceAndTestImpact.testsettings = TraceAndTestImpact.testsettings
	EndProjectSection
EndProject
Project("{FAE04EC0-301F-11D3-BF4B-00C04F79EFBC}") = "Khrussk.Tests", "Khrussk.Tests\Khrussk.Tests.csproj", "{6950B860-A4F1-42CA-9DD6-825476B371F6}"
EndProject
Global
	GlobalSection(TestCaseManagementSettings) = postSolution
		CategoryFile = Khrussk.vsmdi
	EndGlobalSection
	GlobalSection(SolutionConfigurationPlatforms) = preSolution
		Debug|Any CPU = Debug|Any CPU
		Release|Any CPU = Release|Any CPU
	EndGlobalSection
	GlobalSection(ProjectConfigurationPlatforms) = postSolution
		{6F414985-50E4-4486-9C73-E8DBB3400C7F}.Debug|Any CPU.ActiveCfg = Debug|Any CPU
		{6F414985-50E4-4486-9C73-E8DBB3400C7F}.Debug|Any CPU.Build.0 = Debug|Any CPU
		{6F414985-50E4-4486-9C73-E8DBB3400C7F}.Release|Any CPU.ActiveCfg = Release|Any CPU
		{6F414985-50E4-4486-9C73-E8DBB3400C7F}.Release|Any CPU.Build.0 = Release|Any CPU
		{649954E0-F1AC-4FB7-B848-6CA4BFE41BA1}.Debug|Any CPU.ActiveCfg = Debug|Any CPU
		{649954E0-F1AC-4FB7-B848-6CA4BFE41BA1}.Debug|Any CPU.Build.0 = Debug|Any CPU
		{649954E0-F1AC-4FB7-B848-6CA4BFE41BA1}.Release|Any CPU.ActiveCfg = Release|Any CPU
		{649954E0-F1AC-4FB7-B848-6CA4BFE41BA1}.Release|Any CPU.Build.0 = Release|Any CPU
		{671047B6-1484-4736-B618-B02BA6D45C27}.Debug|Any CPU.ActiveCfg = Debug|Any CPU
		{671047B6-1484-4736-B618-B02BA6D45C27}.Debug|Any CPU.Build.0 = Debug|Any CPU
		{671047B6-1484-4736-B618-B02BA6D45C27}.Release|Any CPU.ActiveCfg = Release|Any CPU
		{671047B6-1484-4736-B618-B02BA6D45C27}.Release|Any CPU.Build.0 = Release|Any CPU
		{6346BE1D-950C-4ED1-A303-01071F146D22}.Debug|Any CPU.ActiveCfg = Debug|Any CPU
		{6346BE1D-950C-4ED1-A303-01071F146D22}.Debug|Any CPU.Build.0 = Debug|Any CPU
		{6346BE1D-950C-4ED1-A303-01071F146D22}.Release|Any CPU.ActiveCfg = Release|Any CPU
		{6346BE1D-950C-4ED1-A303-01071F146D22}.Release|Any CPU.Build.0 = Release|Any CPU
		{15A8B442-B68A-4C70-9375-ED1A6E53DC5F}.Debug|Any CPU.ActiveCfg = Debug|Any CPU
		{15A8B442-B68A-4C70-9375-ED1A6E53DC5F}.Debug|Any CPU.Build.0 = Debug|Any CPU
		{15A8B442-B68A-4C70-9375-ED1A6E53DC5F}.Release|Any CPU.ActiveCfg = Release|Any CPU
		{15A8B442-B68A-4C70-9375-ED1A6E53DC5F}.Release|Any CPU.Build.0 = Release|Any CPU
		{6950B860-A4F1-42CA-9DD6-825476B371F6}.Debug|Any CPU.ActiveCfg = Debug|Any CPU
		{6950B860-A4F1-42CA-9DD6-825476B371F6}.Debug|Any CPU.Build.0 = Debug|Any CPU
		{6950B860-A4F1-42CA-9DD6-825476B371F6}.Release|Any CPU.ActiveCfg = Release|Any CPU
		{6950B860-A4F1-42CA-9DD6-825476B371F6}.Release|Any CPU.Build.0 = Release|Any CPU
	EndGlobalSection
	GlobalSection(SolutionProperties) = preSolution
		HideSolutionNode = FALSE
	EndGlobalSection
	GlobalSection(NestedProjects) = preSolution
		{15A8B442-B68A-4C70-9375-ED1A6E53DC5F} = {0E15BFE4-3244-4A49-8FE6-487D4FADD272}
	EndGlobalSection
EndGlobal
