
Microsoft Visual Studio Solution File, Format Version 11.00
# Visual Studio 2010
Project("{FAE04EC0-301F-11D3-BF4B-00C04F79EFBC}") = "Khrussk", "Khrussk.csproj", "{9825754B-B589-49AE-B246-1AB9059C2452}"
EndProject
Project("{FAE04EC0-301F-11D3-BF4B-00C04F79EFBC}") = "Khrussk.Tests", "Khrussk.Tests.csproj", "{6950B860-A4F1-42CA-9DD6-825476B371F6}"
EndProject
Project("{FAE04EC0-301F-11D3-BF4B-00C04F79EFBC}") = "Khrussk.Examples.Chat", "..\Examples\Chat\Khrussk.Examples.Chat.csproj", "{4BE5BF42-2744-4092-99AE-013B733015A2}"
EndProject
Global
	GlobalSection(SolutionConfigurationPlatforms) = preSolution
		Debug|Any CPU = Debug|Any CPU
		Debug|Mixed Platforms = Debug|Mixed Platforms
		Debug|x86 = Debug|x86
		Release|Any CPU = Release|Any CPU
		Release|Mixed Platforms = Release|Mixed Platforms
		Release|x86 = Release|x86
	EndGlobalSection
	GlobalSection(ProjectConfigurationPlatforms) = postSolution
		{9825754B-B589-49AE-B246-1AB9059C2452}.Debug|Any CPU.ActiveCfg = Debug|Any CPU
		{9825754B-B589-49AE-B246-1AB9059C2452}.Debug|Any CPU.Build.0 = Debug|Any CPU
		{9825754B-B589-49AE-B246-1AB9059C2452}.Debug|Mixed Platforms.ActiveCfg = Debug|Any CPU
		{9825754B-B589-49AE-B246-1AB9059C2452}.Debug|Mixed Platforms.Build.0 = Debug|Any CPU
		{9825754B-B589-49AE-B246-1AB9059C2452}.Debug|x86.ActiveCfg = Debug|Any CPU
		{9825754B-B589-49AE-B246-1AB9059C2452}.Release|Any CPU.ActiveCfg = Release|Any CPU
		{9825754B-B589-49AE-B246-1AB9059C2452}.Release|Any CPU.Build.0 = Release|Any CPU
		{9825754B-B589-49AE-B246-1AB9059C2452}.Release|Mixed Platforms.ActiveCfg = Release|Any CPU
		{9825754B-B589-49AE-B246-1AB9059C2452}.Release|Mixed Platforms.Build.0 = Release|Any CPU
		{9825754B-B589-49AE-B246-1AB9059C2452}.Release|x86.ActiveCfg = Release|Any CPU
		{6950B860-A4F1-42CA-9DD6-825476B371F6}.Debug|Any CPU.ActiveCfg = Debug|Any CPU
		{6950B860-A4F1-42CA-9DD6-825476B371F6}.Debug|Any CPU.Build.0 = Debug|Any CPU
		{6950B860-A4F1-42CA-9DD6-825476B371F6}.Debug|Mixed Platforms.ActiveCfg = Debug|Any CPU
		{6950B860-A4F1-42CA-9DD6-825476B371F6}.Debug|Mixed Platforms.Build.0 = Debug|Any CPU
		{6950B860-A4F1-42CA-9DD6-825476B371F6}.Debug|x86.ActiveCfg = Debug|Any CPU
		{6950B860-A4F1-42CA-9DD6-825476B371F6}.Release|Any CPU.ActiveCfg = Release|Any CPU
		{6950B860-A4F1-42CA-9DD6-825476B371F6}.Release|Any CPU.Build.0 = Release|Any CPU
		{6950B860-A4F1-42CA-9DD6-825476B371F6}.Release|Mixed Platforms.ActiveCfg = Release|Any CPU
		{6950B860-A4F1-42CA-9DD6-825476B371F6}.Release|Mixed Platforms.Build.0 = Release|Any CPU
		{6950B860-A4F1-42CA-9DD6-825476B371F6}.Release|x86.ActiveCfg = Release|Any CPU
		{4BE5BF42-2744-4092-99AE-013B733015A2}.Debug|Any CPU.ActiveCfg = Debug|x86
		{4BE5BF42-2744-4092-99AE-013B733015A2}.Debug|Mixed Platforms.ActiveCfg = Debug|x86
		{4BE5BF42-2744-4092-99AE-013B733015A2}.Debug|Mixed Platforms.Build.0 = Debug|x86
		{4BE5BF42-2744-4092-99AE-013B733015A2}.Debug|x86.ActiveCfg = Debug|x86
		{4BE5BF42-2744-4092-99AE-013B733015A2}.Debug|x86.Build.0 = Debug|x86
		{4BE5BF42-2744-4092-99AE-013B733015A2}.Release|Any CPU.ActiveCfg = Release|x86
		{4BE5BF42-2744-4092-99AE-013B733015A2}.Release|Mixed Platforms.ActiveCfg = Release|x86
		{4BE5BF42-2744-4092-99AE-013B733015A2}.Release|Mixed Platforms.Build.0 = Release|x86
		{4BE5BF42-2744-4092-99AE-013B733015A2}.Release|x86.ActiveCfg = Release|x86
		{4BE5BF42-2744-4092-99AE-013B733015A2}.Release|x86.Build.0 = Release|x86
	EndGlobalSection
	GlobalSection(SolutionProperties) = preSolution
		HideSolutionNode = FALSE
	EndGlobalSection
EndGlobal
